
Microsoft Visual Studio Solution File, Format Version 12.00
# Visual Studio Version 16
VisualStudioVersion = 16.0.31025.194
MinimumVisualStudioVersion = 10.0.40219.1
Project("{9A19103F-16F7-4668-BE54-9A1E7A4F7556}") = "Mimp.SeeSharper.DependencyInjection.Abstraction", "Mimp.SeeSharper.DependencyInjection.Abstraction\Mimp.SeeSharper.DependencyInjection.Abstraction.csproj", "{5492E301-0B4E-4CE9-93DB-44B89675224F}"
EndProject
Project("{9A19103F-16F7-4668-BE54-9A1E7A4F7556}") = "Mimp.SeeSharper.DependencyInjection", "Mimp.SeeSharper.DependencyInjection\Mimp.SeeSharper.DependencyInjection.csproj", "{F5B46F55-0AB7-40A2-A002-5330A1B3E785}"
EndProject
Project("{9A19103F-16F7-4668-BE54-9A1E7A4F7556}") = "Mimp.SeeSharper.DependencyInjection.Singleton", "Mimp.SeeSharper.DependencyInjection.Singleton\Mimp.SeeSharper.DependencyInjection.Singleton.csproj", "{6C252755-1612-4628-AB92-C6FFA9295668}"
EndProject
Project("{9A19103F-16F7-4668-BE54-9A1E7A4F7556}") = "Mimp.SeeSharper.DependencyInjection.Transient", "Mimp.SeeSharper.DependencyInjection.Transient\Mimp.SeeSharper.DependencyInjection.Transient.csproj", "{EE112C8C-E632-4968-9C1A-052CBE65F0F6}"
EndProject
Project("{9A19103F-16F7-4668-BE54-9A1E7A4F7556}") = "Mimp.SeeSharper.DependencyInjection.Enumerable", "Mimp.SeeSharper.DependencyInjection.Enumerable\Mimp.SeeSharper.DependencyInjection.Enumerable.csproj", "{5F7931B9-537B-4D90-AA9E-45790DCF3A48}"
EndProject
Project("{9A19103F-16F7-4668-BE54-9A1E7A4F7556}") = "Mimp.SeeSharper.DependencyInjection.Scope", "Mimp.SeeSharper.DependencyInjection.Scope\Mimp.SeeSharper.DependencyInjection.Scope.csproj", "{3E555E2F-E7C3-4F04-8582-522925FBE8FA}"
EndProject
Project("{9A19103F-16F7-4668-BE54-9A1E7A4F7556}") = "Mimp.SeeSharper.DependencyInjection.Scope.Abstraction", "Mimp.SeeSharper.DependencyInjection.Scope.Abstraction\Mimp.SeeSharper.DependencyInjection.Scope.Abstraction.csproj", "{71A5390E-6D04-4217-AA63-DE377B23F326}"
EndProject
Project("{9A19103F-16F7-4668-BE54-9A1E7A4F7556}") = "Mimp.SeeSharper.DependencyInjection.Tag", "Mimp.SeeSharper.DependencyInjection.Tag\Mimp.SeeSharper.DependencyInjection.Tag.csproj", "{D0AB1701-98EC-4DFF-A3B2-BF9763AC2370}"
EndProject
Project("{9A19103F-16F7-4668-BE54-9A1E7A4F7556}") = "Mimp.SeeSharper.DependencyInjection.Tag.Abstraction", "Mimp.SeeSharper.DependencyInjection.Tag.Abstraction\Mimp.SeeSharper.DependencyInjection.Tag.Abstraction.csproj", "{D833D623-0C25-4120-B755-C4457520B020}"
EndProject
Project("{9A19103F-16F7-4668-BE54-9A1E7A4F7556}") = "Mimp.SeeSharper.DependencyInjection.Instantiation", "Mimp.SeeSharper.DependencyInjection.Instantiation\Mimp.SeeSharper.DependencyInjection.Instantiation.csproj", "{44468DC6-C252-4692-93C5-63FFB1325AE2}"
EndProject
Project("{9A19103F-16F7-4668-BE54-9A1E7A4F7556}") = "Mimp.SeeSharper.DependencyInjection.Extensions.DependencyInjection", "Mimp.SeeSharper.DependencyInjection.Extensions.DependencyInjection\Mimp.SeeSharper.DependencyInjection.Extensions.DependencyInjection.csproj", "{63744A1E-30AA-4116-AE5A-0DEE4F4D690C}"
EndProject
Project("{9A19103F-16F7-4668-BE54-9A1E7A4F7556}") = "Mimp.SeeSharper.DependencyInjection.Extensions.Configuration", "Mimp.SeeSharper.DependencyInjection.Extensions.Configuration\Mimp.SeeSharper.DependencyInjection.Extensions.Configuration.csproj", "{F53C2B2B-3296-4F93-A082-0F216139BDFA}"
EndProject
Project("{2150E333-8FDC-42A3-9474-1A3956D46DE8}") = "libs", "libs", "{2DE55B5A-5A75-459F-9728-9B09DB610327}"
EndProject
Project("{2150E333-8FDC-42A3-9474-1A3956D46DE8}") = "Reflection", "Reflection", "{51FCD439-AD77-4F99-9F15-10249DF8FB22}"
EndProject
Project("{2150E333-8FDC-42A3-9474-1A3956D46DE8}") = "TypeProvider", "TypeProvider", "{3A151B8D-1F9F-489B-8475-A84F6597FF0A}"
EndProject
Project("{2150E333-8FDC-42A3-9474-1A3956D46DE8}") = "TypeResolver", "TypeResolver", "{3E466CCB-D458-405B-BF11-D3CDCB20FCD6}"
EndProject
Project("{2150E333-8FDC-42A3-9474-1A3956D46DE8}") = "Instantiation", "Instantiation", "{FF2664C2-3776-4C9A-9811-88D6B4F3CF33}"
EndProject
Project("{9A19103F-16F7-4668-BE54-9A1E7A4F7556}") = "Mimp.SeeSharper.Reflection", "..\libs\Reflection\src\Mimp.SeeSharper.Reflection\Mimp.SeeSharper.Reflection.csproj", "{92153920-3F8A-49DA-9637-1693A3C3ECD3}"
EndProject
Project("{9A19103F-16F7-4668-BE54-9A1E7A4F7556}") = "Mimp.SeeSharper.TypeProvider", "..\libs\TypeProvider\src\Mimp.SeeSharper.TypeProvider\Mimp.SeeSharper.TypeProvider.csproj", "{35B121D2-524E-4214-B44A-12564B6A9A9A}"
EndProject
Project("{9A19103F-16F7-4668-BE54-9A1E7A4F7556}") = "Mimp.SeeSharper.TypeProvider.Abstraction", "..\libs\TypeProvider\src\Mimp.SeeSharper.TypeProvider.Abstraction\Mimp.SeeSharper.TypeProvider.Abstraction.csproj", "{1AE9997B-96AA-46C1-A911-C7E118E2D391}"
EndProject
Project("{9A19103F-16F7-4668-BE54-9A1E7A4F7556}") = "Mimp.SeeSharper.TypeResolver.Abstraction", "..\libs\TypeResolver\src\Mimp.SeeSharper.TypeResolver.Abstraction\Mimp.SeeSharper.TypeResolver.Abstraction.csproj", "{7960934B-D9A8-4C5E-95EA-D215C37AD998}"
EndProject
Project("{9A19103F-16F7-4668-BE54-9A1E7A4F7556}") = "Mimp.SeeSharper.TypeResolver.TypeProvider", "..\libs\TypeResolver\src\Mimp.SeeSharper.TypeResolver.TypeProvider\Mimp.SeeSharper.TypeResolver.TypeProvider.csproj", "{B8D7B497-B727-417C-8EBE-9813F0A61E61}"
EndProject
Project("{9A19103F-16F7-4668-BE54-9A1E7A4F7556}") = "Mimp.SeeSharper.Instantiation.Abstraction", "..\libs\Instantiation\src\Mimp.SeeSharper.Instantiation.Abstraction\Mimp.SeeSharper.Instantiation.Abstraction.csproj", "{675F4D55-79F1-4F05-95AE-940B1E87D425}"
EndProject
Project("{9A19103F-16F7-4668-BE54-9A1E7A4F7556}") = "Mimp.SeeSharper.Instantiation", "..\libs\Instantiation\src\Mimp.SeeSharper.Instantiation\Mimp.SeeSharper.Instantiation.csproj", "{17718874-547C-4BC0-A61B-DA554663DC29}"
EndProject
Project("{9A19103F-16F7-4668-BE54-9A1E7A4F7556}") = "Mimp.SeeSharper.Instantiation.TypeResolver", "..\libs\Instantiation\src\Mimp.SeeSharper.Instantiation.TypeResolver\Mimp.SeeSharper.Instantiation.TypeResolver.csproj", "{A447E50C-2317-4A86-AC65-FA25D27ED9A4}"
EndProject
Project("{9A19103F-16F7-4668-BE54-9A1E7A4F7556}") = "Mimp.SeeSharper.TypeResolver", "..\libs\TypeResolver\src\Mimp.SeeSharper.TypeResolver\Mimp.SeeSharper.TypeResolver.csproj", "{54DC8D0F-B3E0-40FC-95E7-68EA8ACA9E86}"
EndProject
Global
	GlobalSection(SolutionConfigurationPlatforms) = preSolution
		Debug|Any CPU = Debug|Any CPU
		Release|Any CPU = Release|Any CPU
	EndGlobalSection
	GlobalSection(ProjectConfigurationPlatforms) = postSolution
		{5492E301-0B4E-4CE9-93DB-44B89675224F}.Debug|Any CPU.ActiveCfg = Debug|Any CPU
		{5492E301-0B4E-4CE9-93DB-44B89675224F}.Debug|Any CPU.Build.0 = Debug|Any CPU
		{5492E301-0B4E-4CE9-93DB-44B89675224F}.Release|Any CPU.ActiveCfg = Release|Any CPU
		{5492E301-0B4E-4CE9-93DB-44B89675224F}.Release|Any CPU.Build.0 = Release|Any CPU
		{F5B46F55-0AB7-40A2-A002-5330A1B3E785}.Debug|Any CPU.ActiveCfg = Debug|Any CPU
		{F5B46F55-0AB7-40A2-A002-5330A1B3E785}.Debug|Any CPU.Build.0 = Debug|Any CPU
		{F5B46F55-0AB7-40A2-A002-5330A1B3E785}.Release|Any CPU.ActiveCfg = Release|Any CPU
		{F5B46F55-0AB7-40A2-A002-5330A1B3E785}.Release|Any CPU.Build.0 = Release|Any CPU
		{6C252755-1612-4628-AB92-C6FFA9295668}.Debug|Any CPU.ActiveCfg = Debug|Any CPU
		{6C252755-1612-4628-AB92-C6FFA9295668}.Debug|Any CPU.Build.0 = Debug|Any CPU
		{6C252755-1612-4628-AB92-C6FFA9295668}.Release|Any CPU.ActiveCfg = Release|Any CPU
		{6C252755-1612-4628-AB92-C6FFA9295668}.Release|Any CPU.Build.0 = Release|Any CPU
		{EE112C8C-E632-4968-9C1A-052CBE65F0F6}.Debug|Any CPU.ActiveCfg = Debug|Any CPU
		{EE112C8C-E632-4968-9C1A-052CBE65F0F6}.Debug|Any CPU.Build.0 = Debug|Any CPU
		{EE112C8C-E632-4968-9C1A-052CBE65F0F6}.Release|Any CPU.ActiveCfg = Release|Any CPU
		{EE112C8C-E632-4968-9C1A-052CBE65F0F6}.Release|Any CPU.Build.0 = Release|Any CPU
		{5F7931B9-537B-4D90-AA9E-45790DCF3A48}.Debug|Any CPU.ActiveCfg = Debug|Any CPU
		{5F7931B9-537B-4D90-AA9E-45790DCF3A48}.Debug|Any CPU.Build.0 = Debug|Any CPU
		{5F7931B9-537B-4D90-AA9E-45790DCF3A48}.Release|Any CPU.ActiveCfg = Release|Any CPU
		{5F7931B9-537B-4D90-AA9E-45790DCF3A48}.Release|Any CPU.Build.0 = Release|Any CPU
		{3E555E2F-E7C3-4F04-8582-522925FBE8FA}.Debug|Any CPU.ActiveCfg = Debug|Any CPU
		{3E555E2F-E7C3-4F04-8582-522925FBE8FA}.Debug|Any CPU.Build.0 = Debug|Any CPU
		{3E555E2F-E7C3-4F04-8582-522925FBE8FA}.Release|Any CPU.ActiveCfg = Release|Any CPU
		{3E555E2F-E7C3-4F04-8582-522925FBE8FA}.Release|Any CPU.Build.0 = Release|Any CPU
		{71A5390E-6D04-4217-AA63-DE377B23F326}.Debug|Any CPU.ActiveCfg = Debug|Any CPU
		{71A5390E-6D04-4217-AA63-DE377B23F326}.Debug|Any CPU.Build.0 = Debug|Any CPU
		{71A5390E-6D04-4217-AA63-DE377B23F326}.Release|Any CPU.ActiveCfg = Release|Any CPU
		{71A5390E-6D04-4217-AA63-DE377B23F326}.Release|Any CPU.Build.0 = Release|Any CPU
		{D0AB1701-98EC-4DFF-A3B2-BF9763AC2370}.Debug|Any CPU.ActiveCfg = Debug|Any CPU
		{D0AB1701-98EC-4DFF-A3B2-BF9763AC2370}.Debug|Any CPU.Build.0 = Debug|Any CPU
		{D0AB1701-98EC-4DFF-A3B2-BF9763AC2370}.Release|Any CPU.ActiveCfg = Release|Any CPU
		{D0AB1701-98EC-4DFF-A3B2-BF9763AC2370}.Release|Any CPU.Build.0 = Release|Any CPU
		{D833D623-0C25-4120-B755-C4457520B020}.Debug|Any CPU.ActiveCfg = Debug|Any CPU
		{D833D623-0C25-4120-B755-C4457520B020}.Debug|Any CPU.Build.0 = Debug|Any CPU
		{D833D623-0C25-4120-B755-C4457520B020}.Release|Any CPU.ActiveCfg = Release|Any CPU
		{D833D623-0C25-4120-B755-C4457520B020}.Release|Any CPU.Build.0 = Release|Any CPU
		{44468DC6-C252-4692-93C5-63FFB1325AE2}.Debug|Any CPU.ActiveCfg = Debug|Any CPU
		{44468DC6-C252-4692-93C5-63FFB1325AE2}.Debug|Any CPU.Build.0 = Debug|Any CPU
		{44468DC6-C252-4692-93C5-63FFB1325AE2}.Release|Any CPU.ActiveCfg = Release|Any CPU
		{44468DC6-C252-4692-93C5-63FFB1325AE2}.Release|Any CPU.Build.0 = Release|Any CPU
		{63744A1E-30AA-4116-AE5A-0DEE4F4D690C}.Debug|Any CPU.ActiveCfg = Debug|Any CPU
		{63744A1E-30AA-4116-AE5A-0DEE4F4D690C}.Debug|Any CPU.Build.0 = Debug|Any CPU
		{63744A1E-30AA-4116-AE5A-0DEE4F4D690C}.Release|Any CPU.ActiveCfg = Release|Any CPU
		{63744A1E-30AA-4116-AE5A-0DEE4F4D690C}.Release|Any CPU.Build.0 = Release|Any CPU
		{F53C2B2B-3296-4F93-A082-0F216139BDFA}.Debug|Any CPU.ActiveCfg = Debug|Any CPU
		{F53C2B2B-3296-4F93-A082-0F216139BDFA}.Debug|Any CPU.Build.0 = Debug|Any CPU
		{F53C2B2B-3296-4F93-A082-0F216139BDFA}.Release|Any CPU.ActiveCfg = Release|Any CPU
		{F53C2B2B-3296-4F93-A082-0F216139BDFA}.Release|Any CPU.Build.0 = Release|Any CPU
		{92153920-3F8A-49DA-9637-1693A3C3ECD3}.Debug|Any CPU.ActiveCfg = Debug|Any CPU
		{92153920-3F8A-49DA-9637-1693A3C3ECD3}.Debug|Any CPU.Build.0 = Debug|Any CPU
		{92153920-3F8A-49DA-9637-1693A3C3ECD3}.Release|Any CPU.ActiveCfg = Release|Any CPU
		{92153920-3F8A-49DA-9637-1693A3C3ECD3}.Release|Any CPU.Build.0 = Release|Any CPU
		{35B121D2-524E-4214-B44A-12564B6A9A9A}.Debug|Any CPU.ActiveCfg = Debug|Any CPU
		{35B121D2-524E-4214-B44A-12564B6A9A9A}.Debug|Any CPU.Build.0 = Debug|Any CPU
		{35B121D2-524E-4214-B44A-12564B6A9A9A}.Release|Any CPU.ActiveCfg = Release|Any CPU
		{35B121D2-524E-4214-B44A-12564B6A9A9A}.Release|Any CPU.Build.0 = Release|Any CPU
		{1AE9997B-96AA-46C1-A911-C7E118E2D391}.Debug|Any CPU.ActiveCfg = Debug|Any CPU
		{1AE9997B-96AA-46C1-A911-C7E118E2D391}.Debug|Any CPU.Build.0 = Debug|Any CPU
		{1AE9997B-96AA-46C1-A911-C7E118E2D391}.Release|Any CPU.ActiveCfg = Release|Any CPU
		{1AE9997B-96AA-46C1-A911-C7E118E2D391}.Release|Any CPU.Build.0 = Release|Any CPU
		{7960934B-D9A8-4C5E-95EA-D215C37AD998}.Debug|Any CPU.ActiveCfg = Debug|Any CPU
		{7960934B-D9A8-4C5E-95EA-D215C37AD998}.Debug|Any CPU.Build.0 = Debug|Any CPU
		{7960934B-D9A8-4C5E-95EA-D215C37AD998}.Release|Any CPU.ActiveCfg = Release|Any CPU
		{7960934B-D9A8-4C5E-95EA-D215C37AD998}.Release|Any CPU.Build.0 = Release|Any CPU
		{B8D7B497-B727-417C-8EBE-9813F0A61E61}.Debug|Any CPU.ActiveCfg = Debug|Any CPU
		{B8D7B497-B727-417C-8EBE-9813F0A61E61}.Debug|Any CPU.Build.0 = Debug|Any CPU
		{B8D7B497-B727-417C-8EBE-9813F0A61E61}.Release|Any CPU.ActiveCfg = Release|Any CPU
		{B8D7B497-B727-417C-8EBE-9813F0A61E61}.Release|Any CPU.Build.0 = Release|Any CPU
		{675F4D55-79F1-4F05-95AE-940B1E87D425}.Debug|Any CPU.ActiveCfg = Debug|Any CPU
		{675F4D55-79F1-4F05-95AE-940B1E87D425}.Debug|Any CPU.Build.0 = Debug|Any CPU
		{675F4D55-79F1-4F05-95AE-940B1E87D425}.Release|Any CPU.ActiveCfg = Release|Any CPU
		{675F4D55-79F1-4F05-95AE-940B1E87D425}.Release|Any CPU.Build.0 = Release|Any CPU
		{17718874-547C-4BC0-A61B-DA554663DC29}.Debug|Any CPU.ActiveCfg = Debug|Any CPU
		{17718874-547C-4BC0-A61B-DA554663DC29}.Debug|Any CPU.Build.0 = Debug|Any CPU
		{17718874-547C-4BC0-A61B-DA554663DC29}.Release|Any CPU.ActiveCfg = Release|Any CPU
		{17718874-547C-4BC0-A61B-DA554663DC29}.Release|Any CPU.Build.0 = Release|Any CPU
		{A447E50C-2317-4A86-AC65-FA25D27ED9A4}.Debug|Any CPU.ActiveCfg = Debug|Any CPU
		{A447E50C-2317-4A86-AC65-FA25D27ED9A4}.Debug|Any CPU.Build.0 = Debug|Any CPU
		{A447E50C-2317-4A86-AC65-FA25D27ED9A4}.Release|Any CPU.ActiveCfg = Release|Any CPU
		{A447E50C-2317-4A86-AC65-FA25D27ED9A4}.Release|Any CPU.Build.0 = Release|Any CPU
		{54DC8D0F-B3E0-40FC-95E7-68EA8ACA9E86}.Debug|Any CPU.ActiveCfg = Debug|Any CPU
		{54DC8D0F-B3E0-40FC-95E7-68EA8ACA9E86}.Debug|Any CPU.Build.0 = Debug|Any CPU
		{54DC8D0F-B3E0-40FC-95E7-68EA8ACA9E86}.Release|Any CPU.ActiveCfg = Release|Any CPU
		{54DC8D0F-B3E0-40FC-95E7-68EA8ACA9E86}.Release|Any CPU.Build.0 = Release|Any CPU
	EndGlobalSection
	GlobalSection(SolutionProperties) = preSolution
		HideSolutionNode = FALSE
	EndGlobalSection
	GlobalSection(NestedProjects) = preSolution
		{51FCD439-AD77-4F99-9F15-10249DF8FB22} = {2DE55B5A-5A75-459F-9728-9B09DB610327}
		{3A151B8D-1F9F-489B-8475-A84F6597FF0A} = {2DE55B5A-5A75-459F-9728-9B09DB610327}
		{3E466CCB-D458-405B-BF11-D3CDCB20FCD6} = {2DE55B5A-5A75-459F-9728-9B09DB610327}
		{FF2664C2-3776-4C9A-9811-88D6B4F3CF33} = {2DE55B5A-5A75-459F-9728-9B09DB610327}
		{92153920-3F8A-49DA-9637-1693A3C3ECD3} = {51FCD439-AD77-4F99-9F15-10249DF8FB22}
		{35B121D2-524E-4214-B44A-12564B6A9A9A} = {3A151B8D-1F9F-489B-8475-A84F6597FF0A}
		{1AE9997B-96AA-46C1-A911-C7E118E2D391} = {3A151B8D-1F9F-489B-8475-A84F6597FF0A}
		{7960934B-D9A8-4C5E-95EA-D215C37AD998} = {3E466CCB-D458-405B-BF11-D3CDCB20FCD6}
		{B8D7B497-B727-417C-8EBE-9813F0A61E61} = {3E466CCB-D458-405B-BF11-D3CDCB20FCD6}
		{675F4D55-79F1-4F05-95AE-940B1E87D425} = {FF2664C2-3776-4C9A-9811-88D6B4F3CF33}
		{17718874-547C-4BC0-A61B-DA554663DC29} = {FF2664C2-3776-4C9A-9811-88D6B4F3CF33}
		{A447E50C-2317-4A86-AC65-FA25D27ED9A4} = {FF2664C2-3776-4C9A-9811-88D6B4F3CF33}
		{54DC8D0F-B3E0-40FC-95E7-68EA8ACA9E86} = {3E466CCB-D458-405B-BF11-D3CDCB20FCD6}
	EndGlobalSection
	GlobalSection(ExtensibilityGlobals) = postSolution
		SolutionGuid = {E4B03365-59DA-4B0C-8660-C595DA6197DD}
	EndGlobalSection
EndGlobal
